
Microsoft Visual Studio Solution File, Format Version 12.00
# Visual Studio Version 16
VisualStudioVersion = 16.0.30204.135
MinimumVisualStudioVersion = 10.0.40219.1
Project("{9A19103F-16F7-4668-BE54-9A1E7A4F7556}") = "SramFormat.SoE", "SramFormat.SoE.csproj", "{48B69B25-F217-4872-913C-401447356326}"
EndProject
Project("{9A19103F-16F7-4668-BE54-9A1E7A4F7556}") = "SramCommons", "..\SramCommons\SramCommons.csproj", "{91B9307C-3AFB-49E4-A907-5D9679D03C65}"
EndProject
Global
	GlobalSection(SolutionConfigurationPlatforms) = preSolution
		Debug|Any CPU = Debug|Any CPU
		Release|Any CPU = Release|Any CPU
	EndGlobalSection
	GlobalSection(ProjectConfigurationPlatforms) = postSolution
		{48B69B25-F217-4872-913C-401447356326}.Debug|Any CPU.ActiveCfg = Debug|Any CPU
		{48B69B25-F217-4872-913C-401447356326}.Debug|Any CPU.Build.0 = Debug|Any CPU
		{48B69B25-F217-4872-913C-401447356326}.Release|Any CPU.ActiveCfg = Release|Any CPU
		{48B69B25-F217-4872-913C-401447356326}.Release|Any CPU.Build.0 = Release|Any CPU
		{91B9307C-3AFB-49E4-A907-5D9679D03C65}.Debug|Any CPU.ActiveCfg = Debug|Any CPU
		{91B9307C-3AFB-49E4-A907-5D9679D03C65}.Debug|Any CPU.Build.0 = Debug|Any CPU
		{91B9307C-3AFB-49E4-A907-5D9679D03C65}.Release|Any CPU.ActiveCfg = Release|Any CPU
		{91B9307C-3AFB-49E4-A907-5D9679D03C65}.Release|Any CPU.Build.0 = Release|Any CPU
	EndGlobalSection
	GlobalSection(SolutionProperties) = preSolution
		HideSolutionNode = FALSE
	EndGlobalSection
	GlobalSection(ExtensibilityGlobals) = postSolution
		SolutionGuid = {FA25E828-0B65-4F23-BE74-D81FB9A34119}
	EndGlobalSection
EndGlobal
